
Microsoft Visual Studio Solution File, Format Version 12.00
# Visual Studio Version 17
VisualStudioVersion = 17.14.36616.10 d17.14
MinimumVisualStudioVersion = 10.0.40219.1
Project("{8BC9CEB8-8B4A-11D0-8D11-00A0C91BC942}") = "TWGame", "TWGame.vcxproj", "{C29D8765-9EE7-4202-9B18-AD7E8A471F81}"
EndProject
Global
	GlobalSection(SolutionConfigurationPlatforms) = preSolution
		Debug|x64 = Debug|x64
		Debug|x86 = Debug|x86
		Release|x64 = Release|x64
		Release|x86 = Release|x86
	EndGlobalSection
	GlobalSection(ProjectConfigurationPlatforms) = postSolution
		{C29D8765-9EE7-4202-9B18-AD7E8A471F81}.Debug|x64.ActiveCfg = Debug|x64
		{C29D8765-9EE7-4202-9B18-AD7E8A471F81}.Debug|x64.Build.0 = Debug|x64
		{C29D8765-9EE7-4202-9B18-AD7E8A471F81}.Debug|x86.ActiveCfg = Debug|Win32
		{C29D8765-9EE7-4202-9B18-AD7E8A471F81}.Debug|x86.Build.0 = Debug|Win32
		{C29D8765-9EE7-4202-9B18-AD7E8A471F81}.Release|x64.ActiveCfg = Release|x64
		{C29D8765-9EE7-4202-9B18-AD7E8A471F81}.Release|x64.Build.0 = Release|x64
		{C29D8765-9EE7-4202-9B18-AD7E8A471F81}.Release|x86.ActiveCfg = Release|Win32
		{C29D8765-9EE7-4202-9B18-AD7E8A471F81}.Release|x86.Build.0 = Release|Win32
	EndGlobalSection
	GlobalSection(SolutionProperties) = preSolution
		HideSolutionNode = FALSE
	EndGlobalSection
	GlobalSection(ExtensibilityGlobals) = postSolution
		SolutionGuid = {06788BC6-C062-4FAD-9067-F906F190A917}
	EndGlobalSection
EndGlobal
