<?xml version="1.0" encoding="utf-8"?>
<Project ToolsVersion="4.0" xmlns="http://schemas.microsoft.com/developer/msbuild/2003">
  <ItemGroup>
    <Filter Include="Source Files">
      <UniqueIdentifier>{4FC737F1-C7A5-4376-A066-2A32D752A2FF}</UniqueIdentifier>
      <Extensions>cpp;c;cc;cxx;c++;cppm;ixx;def;odl;idl;hpj;bat;asm;asmx</Extensions>
    </Filter>
    <Filter Include="Header Files">
      <UniqueIdentifier>{93995380-89BD-4b04-88EB-625FBE52EBFB}</UniqueIdentifier>
      <Extensions>h;hh;hpp;hxx;h++;hm;inl;inc;ipp;xsd</Extensions>
    </Filter>
    <Filter Include="Images">
      <UniqueIdentifier>{1ca09b02-b55c-4b1a-85f3-fd13f7305fdc}</UniqueIdentifier>
    </Filter>
    <Filter Include="Source Files\Input">
      <UniqueIdentifier>{13397ecc-da3b-4719-9561-8df7b4af80b4}</UniqueIdentifier>
    </Filter>
    <Filter Include="Header Files\Input">
      <UniqueIdentifier>{4c5cb983-a073-4081-a01d-e97915374ed1}</UniqueIdentifier>
    </Filter>
    <Filter Include="Header Files\Animation">
      <UniqueIdentifier>{a5c72e7f-c21b-4b99-9f39-118597bb5b33}</UniqueIdentifier>
    </Filter>
    <Filter Include="Header Files\Animation\SpriteSheet">
      <UniqueIdentifier>{2d8adc9c-a496-44d6-b742-a671a0e9e2bd}</UniqueIdentifier>
    </Filter>
  </ItemGroup>
  <ItemGroup>
    <ClCompile Include="src\main.cpp">
      <Filter>Source Files</Filter>
    </ClCompile>
    <ClCompile Include="src\TWSprite.cpp">
      <Filter>Source Files</Filter>
    </ClCompile>
    <ClCompile Include="src\PlayerSprite.cpp">
      <Filter>Source Files</Filter>
    </ClCompile>
    <ClCompile Include="src\MouseEventProcessor.cpp">
      <Filter>Source Files\Input</Filter>
    </ClCompile>
  </ItemGroup>
  <ItemGroup>
    <ClInclude Include="include\CharacterSprite.h">
      <Filter>Header Files</Filter>
    </ClInclude>
    <ClInclude Include="include\resource.h">
      <Filter>Header Files</Filter>
    </ClInclude>
    <ClInclude Include="include\TWSprite.h">
      <Filter>Header Files</Filter>
    </ClInclude>
    <ClInclude Include="include\MouseEventProcessor.h">
      <Filter>Header Files\Input</Filter>
    </ClInclude>
    <ClInclude Include="include\Animation\Animation.h">
      <Filter>Header Files\Animation</Filter>
    </ClInclude>
    <ClInclude Include="include\Animation\AnimationFrameBuilder.h">
      <Filter>Header Files\Animation</Filter>
    </ClInclude>
    <ClInclude Include="include\Animation\AnimationFrameConstants.h">
      <Filter>Header Files\Animation</Filter>
    </ClInclude>
    <ClInclude Include="include\Animation\SpriteSheet\WalkingAnimationFrames.h">
      <Filter>Header Files\Animation\SpriteSheet</Filter>
    </ClInclude>
    <ClInclude Include="include\Animation\SpriteSheet\DyingAnimationFrames.h">
      <Filter>Header Files\Animation\SpriteSheet</Filter>
    </ClInclude>
    <ClInclude Include="include\Animation\SpriteSheet\GettingHitAnimationFrames.h">
      <Filter>Header Files\Animation\SpriteSheet</Filter>
    </ClInclude>
    <ClInclude Include="include\Animation\SpriteSheet\IdlingAnimationFrames.h">
      <Filter>Header Files\Animation\SpriteSheet</Filter>
    </ClInclude>
    <ClInclude Include="include\Animation\SpriteSheet\PunchingAnimationFrames.h">
      <Filter>Header Files\Animation\SpriteSheet</Filter>
    </ClInclude>
    <ClInclude Include="include\Animation\SpriteSheet\SittingAnimationFrames.h">
      <Filter>Header Files\Animation\SpriteSheet</Filter>
    </ClInclude>
  </ItemGroup>
  <ItemGroup>
    <None Include="include\Animation\Animation.tpp">
      <Filter>Header Files\Animation</Filter>
    </None>
  </ItemGroup>
</Project>