<?xml version="1.0" encoding="utf-8"?>
<Project ToolsVersion="4.0" xmlns="http://schemas.microsoft.com/developer/msbuild/2003">
  <ItemGroup>
    <Filter Include="Source Files">
      <UniqueIdentifier>{4FC737F1-C7A5-4376-A066-2A32D752A2FF}</UniqueIdentifier>
      <Extensions>cpp;c;cc;cxx;c++;cppm;ixx;def;odl;idl;hpj;bat;asm;asmx</Extensions>
    </Filter>
    <Filter Include="Header Files">
      <UniqueIdentifier>{93995380-89BD-4b04-88EB-625FBE52EBFB}</UniqueIdentifier>
      <Extensions>h;hh;hpp;hxx;h++;hm;inl;inc;ipp;xsd</Extensions>
    </Filter>
    <Filter Include="Images">
      <UniqueIdentifier>{1ca09b02-b55c-4b1a-85f3-fd13f7305fdc}</UniqueIdentifier>
    </Filter>
    <Filter Include="Source Files\Input">
      <UniqueIdentifier>{13397ecc-da3b-4719-9561-8df7b4af80b4}</UniqueIdentifier>
    </Filter>
    <Filter Include="Header Files\Input">
      <UniqueIdentifier>{4c5cb983-a073-4081-a01d-e97915374ed1}</UniqueIdentifier>
    </Filter>
    <Filter Include="Header Files\Animation">
      <UniqueIdentifier>{a5c72e7f-c21b-4b99-9f39-118597bb5b33}</UniqueIdentifier>
    </Filter>
    <Filter Include="Header Files\Animation\SpriteSheet">
      <UniqueIdentifier>{2d8adc9c-a496-44d6-b742-a671a0e9e2bd}</UniqueIdentifier>
    </Filter>
    <Filter Include="Source Files\Animation">
      <UniqueIdentifier>{e3dad052-5f0b-4805-bd95-1767428d614f}</UniqueIdentifier>
    </Filter>
    <Filter Include="Header Files\Sprite">
      <UniqueIdentifier>{f8c41ca6-5f17-4e24-87b6-32b5025b7d90}</UniqueIdentifier>
    </Filter>
    <Filter Include="Header Files\Animation\SpriteAnimation">
      <UniqueIdentifier>{cf0c5ea4-dba3-4f49-90ef-28b73808efae}</UniqueIdentifier>
    </Filter>
    <Filter Include="Header Files\Animation\TileAnimation">
      <UniqueIdentifier>{e8e72ae7-8dbe-450d-92d1-93cd105b1fb1}</UniqueIdentifier>
    </Filter>
  </ItemGroup>
  <ItemGroup>
    <ClCompile Include="src\main.cpp">
      <Filter>Source Files</Filter>
    </ClCompile>
    <ClCompile Include="src\MouseEventProcessor.cpp">
      <Filter>Source Files\Input</Filter>
    </ClCompile>
    <ClCompile Include="src\Animation.cpp">
      <Filter>Source Files\Animation</Filter>
    </ClCompile>
    <ClCompile Include="src\SoldierSprite.cpp">
      <Filter>Source Files</Filter>
    </ClCompile>
    <ClCompile Include="src\BaseSprite.cpp">
      <Filter>Source Files</Filter>
    </ClCompile>
    <ClCompile Include="src\Tile.cpp">
      <Filter>Source Files</Filter>
    </ClCompile>
    <ClCompile Include="src\TileMap.cpp">
      <Filter>Source Files</Filter>
    </ClCompile>
    <ClCompile Include="src\TileAnimationManager.cpp">
      <Filter>Source Files</Filter>
    </ClCompile>
  </ItemGroup>
  <ItemGroup>
    <ClInclude Include="include\resource.h">
      <Filter>Header Files</Filter>
    </ClInclude>
    <ClInclude Include="include\MouseEventProcessor.h">
      <Filter>Header Files\Input</Filter>
    </ClInclude>
    <ClInclude Include="include\Animation\SpriteSheet\WalkingAnimationFrames.h">
      <Filter>Header Files\Animation\SpriteSheet</Filter>
    </ClInclude>
    <ClInclude Include="include\Animation\SpriteSheet\DyingAnimationFrames.h">
      <Filter>Header Files\Animation\SpriteSheet</Filter>
    </ClInclude>
    <ClInclude Include="include\Animation\SpriteSheet\GettingHitAnimationFrames.h">
      <Filter>Header Files\Animation\SpriteSheet</Filter>
    </ClInclude>
    <ClInclude Include="include\Animation\SpriteSheet\IdlingAnimationFrames.h">
      <Filter>Header Files\Animation\SpriteSheet</Filter>
    </ClInclude>
    <ClInclude Include="include\Animation\SpriteSheet\PunchingAnimationFrames.h">
      <Filter>Header Files\Animation\SpriteSheet</Filter>
    </ClInclude>
    <ClInclude Include="include\Animation\SpriteSheet\SittingAnimationFrames.h">
      <Filter>Header Files\Animation\SpriteSheet</Filter>
    </ClInclude>
    <ClInclude Include="include\Sprite\BaseSprite.h">
      <Filter>Header Files\Sprite</Filter>
    </ClInclude>
    <ClInclude Include="include\Sprite\SoldierSprite.h">
      <Filter>Header Files\Sprite</Filter>
    </ClInclude>
    <ClInclude Include="include\Tile.h">
      <Filter>Header Files</Filter>
    </ClInclude>
    <ClInclude Include="include\TileMap.h">
      <Filter>Header Files</Filter>
    </ClInclude>
    <ClInclude Include="include\Animation\TileAnimation\TileAnimationFrames.h">
      <Filter>Header Files\Animation\TileAnimation</Filter>
    </ClInclude>
    <ClInclude Include="include\Animation\TileAnimation\TileFrameBuilder.h">
      <Filter>Header Files\Animation\TileAnimation</Filter>
    </ClInclude>
    <ClInclude Include="include\Animation\SpriteAnimation\Animation.h">
      <Filter>Header Files\Animation\SpriteAnimation</Filter>
    </ClInclude>
    <ClInclude Include="include\Animation\SpriteAnimation\AnimationFrameBuilder.h">
      <Filter>Header Files\Animation\SpriteAnimation</Filter>
    </ClInclude>
    <ClInclude Include="include\Animation\SpriteAnimation\AnimationFrameConstants.h">
      <Filter>Header Files\Animation\SpriteAnimation</Filter>
    </ClInclude>
    <ClInclude Include="include\Animation\SpriteAnimation\AnimationManager.h">
      <Filter>Header Files\Animation\SpriteAnimation</Filter>
    </ClInclude>
    <ClInclude Include="include\Animation\TileAnimation\TileAnimationManager.h">
      <Filter>Header Files\Animation\TileAnimation</Filter>
    </ClInclude>
    <ClInclude Include="include\Sprite\SoldierConstants.h">
      <Filter>Header Files\Sprite</Filter>
    </ClInclude>
  </ItemGroup>
  <ItemGroup>
    <None Include="include\Animation\SpriteAnimation\AnimationManager.tpp" />
  </ItemGroup>
</Project>